// !$*UTF8*$!
{
	archiveVersion = 1;
	classes = {
	};
	objectVersion = 77;
	objects = {

/* Begin PBXBuildFile section */
		6DC556F12A1455CBC5DC00BC /* VoiceNotesShare.appex in Embed Foundation Extensions */ = {isa = PBXBuildFile; fileRef = 92962C8BF677A76DFECF5166 /* VoiceNotesShare.appex */; settings = {ATTRIBUTES = (RemoveHeadersOnCopy, ); }; };
		A535BC8503C037A1DDEB2066 /* EasyBLE in Frameworks */ = {isa = PBXBuildFile; productRef = E406BDE345134F246D0016EB /* EasyBLE */; };
/* End PBXBuildFile section */

/* Begin PBXContainerItemProxy section */
		85BEC33571AC30514F6AF808 /* PBXContainerItemProxy */ = {
			isa = PBXContainerItemProxy;
			containerPortal = C3A872EF6933B6E9BB7F614F /* Project object */;
			proxyType = 1;
			remoteGlobalIDString = 5A78810CF86F817ABBBEBC6F;
			remoteInfo = VoiceNotesShare;
		};
/* End PBXContainerItemProxy section */

/* Begin PBXCopyFilesBuildPhase section */
		AC096D0EA7A4569213EA17D0 /* Embed Foundation Extensions */ = {
			isa = PBXCopyFilesBuildPhase;
			buildActionMask = 2147483647;
			dstPath = "";
			dstSubfolderSpec = 13;
			files = (
				6DC556F12A1455CBC5DC00BC /* VoiceNotesShare.appex in Embed Foundation Extensions */,
			);
			name = "Embed Foundation Extensions";
			runOnlyForDeploymentPostprocessing = 0;
		};
/* End PBXCopyFilesBuildPhase section */

/* Begin PBXFileReference section */
		07E893385CD0674B446CD913 /* VoiceNotes.app */ = {isa = PBXFileReference; explicitFileType = wrapper.application; includeInIndex = 0; path = VoiceNotes.app; sourceTree = BUILT_PRODUCTS_DIR; };
		92962C8BF677A76DFECF5166 /* VoiceNotesShare.appex */ = {isa = PBXFileReference; explicitFileType = "wrapper.app-extension"; includeInIndex = 0; path = VoiceNotesShare.appex; sourceTree = BUILT_PRODUCTS_DIR; };
		DA98E8C8F30ACB2646237B1D /* EasyBLE */ = {isa = PBXFileReference; lastKnownFileType = folder; name = EasyBLE; path = ../../EasyBLE; sourceTree = SOURCE_ROOT; };
/* End PBXFileReference section */

/* Begin PBXFileSystemSynchronizedBuildFileExceptionSet section */
		8AE13E50E30F3DC4E5ABE489 /* Exceptions for "VoiceNotes" folder in "VoiceNotes" target */ = {
			isa = PBXFileSystemSynchronizedBuildFileExceptionSet;
			membershipExceptions = (
				Info.plist,
			);
			target = 6234070C6E4926258461B945 /* VoiceNotes */;
		};
		F33D577D9494FEF4408DB3B2 /* Exceptions for "VoiceNotesShare" folder in "VoiceNotesShare" target */ = {
			isa = PBXFileSystemSynchronizedBuildFileExceptionSet;
			membershipExceptions = (
				Info.plist,
			);
			target = 5A78810CF86F817ABBBEBC6F /* VoiceNotesShare */;
		};
/* End PBXFileSystemSynchronizedBuildFileExceptionSet section */

/* Begin PBXFileSystemSynchronizedRootGroup section */
		214C196CCA854AEA1CF8AB5B /* VoiceNotes */ = {
			isa = PBXFileSystemSynchronizedRootGroup;
			exceptions = (
				8AE13E50E30F3DC4E5ABE489 /* Exceptions for "VoiceNotes" folder in "VoiceNotes" target */,
			);
			path = VoiceNotes;
			sourceTree = "<group>";
		};
		3CF95A14633AA73BA2E487CC /* VoiceNotesShare */ = {
			isa = PBXFileSystemSynchronizedRootGroup;
			exceptions = (
				F33D577D9494FEF4408DB3B2 /* Exceptions for "VoiceNotesShare" folder in "VoiceNotesShare" target */,
			);
			path = VoiceNotesShare;
			sourceTree = "<group>";
		};
		5CFCC60BAF817D115984E2D7 /* Shared */ = {
			isa = PBXFileSystemSynchronizedRootGroup;
			path = Shared;
			sourceTree = "<group>";
		};
/* End PBXFileSystemSynchronizedRootGroup section */

/* Begin PBXFrameworksBuildPhase section */
		443687EE5EB307DB3702960C /* Frameworks */ = {
			isa = PBXFrameworksBuildPhase;
			buildActionMask = 2147483647;
			files = (
				A535BC8503C037A1DDEB2066 /* EasyBLE in Frameworks */,
			);
			runOnlyForDeploymentPostprocessing = 0;
		};
/* End PBXFrameworksBuildPhase section */

/* Begin PBXGroup section */
		382D0E5896844F2A4D8E8280 /* Products */ = {
			isa = PBXGroup;
			children = (
				07E893385CD0674B446CD913 /* VoiceNotes.app */,
				92962C8BF677A76DFECF5166 /* VoiceNotesShare.appex */,
			);
			name = Products;
			sourceTree = "<group>";
		};
		BB2A8C670747A378888247FD = {
			isa = PBXGroup;
			children = (
				E304D5F27FB8566CE5D2DB94 /* Packages */,
				5CFCC60BAF817D115984E2D7 /* Shared */,
				214C196CCA854AEA1CF8AB5B /* VoiceNotes */,
				3CF95A14633AA73BA2E487CC /* VoiceNotesShare */,
				382D0E5896844F2A4D8E8280 /* Products */,
			);
			sourceTree = "<group>";
		};
		E304D5F27FB8566CE5D2DB94 /* Packages */ = {
			isa = PBXGroup;
			children = (
				DA98E8C8F30ACB2646237B1D /* EasyBLE */,
			);
			name = Packages;
			sourceTree = "<group>";
		};
/* End PBXGroup section */

/* Begin PBXNativeTarget section */
		5A78810CF86F817ABBBEBC6F /* VoiceNotesShare */ = {
			isa = PBXNativeTarget;
			buildConfigurationList = E1228D241601EB953E85D343 /* Build configuration list for PBXNativeTarget "VoiceNotesShare" */;
			buildPhases = (
				999FFBC6F45EA4F0414D013F /* Sources */,
			);
			buildRules = (
			);
			dependencies = (
			);
			fileSystemSynchronizedGroups = (
				5CFCC60BAF817D115984E2D7 /* Shared */,
				3CF95A14633AA73BA2E487CC /* VoiceNotesShare */,
			);
			name = VoiceNotesShare;
			packageProductDependencies = (
			);
			productName = VoiceNotesShare;
			productReference = 92962C8BF677A76DFECF5166 /* VoiceNotesShare.appex */;
			productType = "com.apple.product-type.app-extension";
		};
		6234070C6E4926258461B945 /* VoiceNotes */ = {
			isa = PBXNativeTarget;
			buildConfigurationList = FEF97856CDF699F28DEC1282 /* Build configuration list for PBXNativeTarget "VoiceNotes" */;
			buildPhases = (
				5A342295BA1AF47407B0C2A3 /* Sources */,
				8CDA0FE88B66D77C990B88FA /* Resources */,
				443687EE5EB307DB3702960C /* Frameworks */,
				AC096D0EA7A4569213EA17D0 /* Embed Foundation Extensions */,
			);
			buildRules = (
			);
			dependencies = (
				F415F75337C3DA662CF35700 /* PBXTargetDependency */,
			);
			fileSystemSynchronizedGroups = (
				5CFCC60BAF817D115984E2D7 /* Shared */,
				214C196CCA854AEA1CF8AB5B /* VoiceNotes */,
			);
			name = VoiceNotes;
			packageProductDependencies = (
				E406BDE345134F246D0016EB /* EasyBLE */,
			);
			productName = VoiceNotes;
			productReference = 07E893385CD0674B446CD913 /* VoiceNotes.app */;
			productType = "com.apple.product-type.application";
		};
/* End PBXNativeTarget section */

/* Begin PBXProject section */
		C3A872EF6933B6E9BB7F614F /* Project object */ = {
			isa = PBXProject;
			attributes = {
				BuildIndependentTargetsInParallel = YES;
				LastUpgradeCheck = 2600;
				TargetAttributes = {
					5A78810CF86F817ABBBEBC6F = {
						ProvisioningStyle = Automatic;
					};
					6234070C6E4926258461B945 = {
						ProvisioningStyle = Automatic;
					};
				};
			};
			buildConfigurationList = 0CAE26DE757890C97FB02FD4 /* Build configuration list for PBXProject "VoiceNotes" */;
			developmentRegion = en;
			hasScannedForEncodings = 0;
			knownRegions = (
				Base,
				en,
			);
			mainGroup = BB2A8C670747A378888247FD;
			minimizedProjectReferenceProxies = 1;
			packageReferences = (
				C79491A1E21CAFF2EC5543C6 /* XCLocalSwiftPackageReference "../../EasyBLE" */,
			);
			preferredProjectObjectVersion = 77;
			productRefGroup = 382D0E5896844F2A4D8E8280 /* Products */;
			projectDirPath = "";
			projectRoot = "";
			targets = (
				6234070C6E4926258461B945 /* VoiceNotes */,
				5A78810CF86F817ABBBEBC6F /* VoiceNotesShare */,
			);
		};
/* End PBXProject section */

/* Begin PBXResourcesBuildPhase section */
		8CDA0FE88B66D77C990B88FA /* Resources */ = {
			isa = PBXResourcesBuildPhase;
			buildActionMask = 2147483647;
			files = (
			);
			runOnlyForDeploymentPostprocessing = 0;
		};
/* End PBXResourcesBuildPhase section */

/* Begin PBXSourcesBuildPhase section */
		5A342295BA1AF47407B0C2A3 /* Sources */ = {
			isa = PBXSourcesBuildPhase;
			buildActionMask = 2147483647;
			files = (
			);
			runOnlyForDeploymentPostprocessing = 0;
		};
		999FFBC6F45EA4F0414D013F /* Sources */ = {
			isa = PBXSourcesBuildPhase;
			buildActionMask = 2147483647;
			files = (
			);
			runOnlyForDeploymentPostprocessing = 0;
		};
/* End PBXSourcesBuildPhase section */

/* Begin PBXTargetDependency section */
		F415F75337C3DA662CF35700 /* PBXTargetDependency */ = {
			isa = PBXTargetDependency;
			target = 5A78810CF86F817ABBBEBC6F /* VoiceNotesShare */;
			targetProxy = 85BEC33571AC30514F6AF808 /* PBXContainerItemProxy */;
		};
/* End PBXTargetDependency section */

/* Begin XCBuildConfiguration section */
		0D76EC01BDBD72C2FD1B2DCB /* Debug */ = {
			isa = XCBuildConfiguration;
			buildSettings = {
				ALWAYS_SEARCH_USER_PATHS = NO;
				CLANG_ANALYZER_NONNULL = YES;
				CLANG_ANALYZER_NUMBER_OBJECT_CONVERSION = YES_AGGRESSIVE;
				CLANG_CXX_LANGUAGE_STANDARD = "gnu++14";
				CLANG_CXX_LIBRARY = "libc++";
				CLANG_ENABLE_MODULES = YES;
				CLANG_ENABLE_OBJC_ARC = YES;
				CLANG_ENABLE_OBJC_WEAK = YES;
				CLANG_WARN_BLOCK_CAPTURE_AUTORELEASING = YES;
				CLANG_WARN_BOOL_CONVERSION = YES;
				CLANG_WARN_COMMA = YES;
				CLANG_WARN_CONSTANT_CONVERSION = YES;
				CLANG_WARN_DEPRECATED_OBJC_IMPLEMENTATIONS = YES;
				CLANG_WARN_DIRECT_OBJC_ISA_USAGE = YES_ERROR;
				CLANG_WARN_DOCUMENTATION_COMMENTS = YES;
				CLANG_WARN_EMPTY_BODY = YES;
				CLANG_WARN_ENUM_CONVERSION = YES;
				CLANG_WARN_INFINITE_RECURSION = YES;
				CLANG_WARN_INT_CONVERSION = YES;
				CLANG_WARN_NON_LITERAL_NULL_CONVERSION = YES;
				CLANG_WARN_OBJC_IMPLICIT_RETAIN_SELF = YES;
				CLANG_WARN_OBJC_LITERAL_CONVERSION = YES;
				CLANG_WARN_OBJC_ROOT_CLASS = YES_ERROR;
				CLANG_WARN_QUOTED_INCLUDE_IN_FRAMEWORK_HEADER = YES;
				CLANG_WARN_RANGE_LOOP_ANALYSIS = YES;
				CLANG_WARN_STRICT_PROTOTYPES = YES;
				CLANG_WARN_SUSPICIOUS_MOVE = YES;
				CLANG_WARN_UNGUARDED_AVAILABILITY = YES_AGGRESSIVE;
				CLANG_WARN_UNREACHABLE_CODE = YES;
				CLANG_WARN__DUPLICATE_METHOD_MATCH = YES;
				CODE_SIGN_STYLE = Automatic;
				COPY_PHASE_STRIP = NO;
				DEBUG_INFORMATION_FORMAT = dwarf;
				DEVELOPMENT_TEAM = "";
				ENABLE_STRICT_OBJC_MSGSEND = YES;
				ENABLE_TESTABILITY = YES;
				GCC_C_LANGUAGE_STANDARD = gnu11;
				GCC_DYNAMIC_NO_PIC = NO;
				GCC_NO_COMMON_BLOCKS = YES;
				GCC_OPTIMIZATION_LEVEL = 0;
				GCC_PREPROCESSOR_DEFINITIONS = (
					"$(inherited)",
					"DEBUG=1",
				);
				GCC_WARN_64_TO_32_BIT_CONVERSION = YES;
				GCC_WARN_ABOUT_RETURN_TYPE = YES_ERROR;
				GCC_WARN_UNDECLARED_SELECTOR = YES;
				GCC_WARN_UNINITIALIZED_AUTOS = YES_AGGRESSIVE;
				GCC_WARN_UNUSED_FUNCTION = YES;
				GCC_WARN_UNUSED_VARIABLE = YES;
				IPHONEOS_DEPLOYMENT_TARGET = 26.0;
				MTL_ENABLE_DEBUG_INFO = INCLUDE_SOURCE;
				MTL_FAST_MATH = YES;
				ONLY_ACTIVE_ARCH = YES;
				PRODUCT_NAME = "$(TARGET_NAME)";
				SDKROOT = iphoneos;
				SWIFT_ACTIVE_COMPILATION_CONDITIONS = DEBUG;
				SWIFT_APPROACHABLE_CONCURRENCY = YES;
				SWIFT_DEFAULT_ACTOR_ISOLATION = MainActor;
				SWIFT_OPTIMIZATION_LEVEL = "-Onone";
				SWIFT_STRICT_CONCURRENCY = complete;
				SWIFT_VERSION = 6.0;
			};
			name = Debug;
		};
		539BE25B52C05E4C95F10F7F /* Debug */ = {
			isa = XCBuildConfiguration;
			buildSettings = {
				ASSETCATALOG_COMPILER_APPICON_NAME = AppIcon;
				ASSETCATALOG_COMPILER_GLOBAL_ACCENT_COLOR_NAME = AccentColor;
				CODE_SIGN_ENTITLEMENTS = VoiceNotes/VoiceNotes.entitlements;
				CODE_SIGN_IDENTITY = "iPhone Developer";
				DEVELOPMENT_TEAM = YMDHD6S886;
				GENERATE_INFOPLIST_FILE = NO;
				INFOPLIST_FILE = VoiceNotes/Info.plist;
				LD_RUNPATH_SEARCH_PATHS = (
					"$(inherited)",
					"@executable_path/Frameworks",
				);
				PRODUCT_BUNDLE_IDENTIFIER = com.ntna.VoiceNotes;
				SDKROOT = iphoneos;
				TARGETED_DEVICE_FAMILY = 1;
			};
			name = Debug;
		};
		58FD53925B7C390B02C203CE /* Release */ = {
			isa = XCBuildConfiguration;
			buildSettings = {
				ALWAYS_SEARCH_USER_PATHS = NO;
				CLANG_ANALYZER_NONNULL = YES;
				CLANG_ANALYZER_NUMBER_OBJECT_CONVERSION = YES_AGGRESSIVE;
				CLANG_CXX_LANGUAGE_STANDARD = "gnu++14";
				CLANG_CXX_LIBRARY = "libc++";
				CLANG_ENABLE_MODULES = YES;
				CLANG_ENABLE_OBJC_ARC = YES;
				CLANG_ENABLE_OBJC_WEAK = YES;
				CLANG_WARN_BLOCK_CAPTURE_AUTORELEASING = YES;
				CLANG_WARN_BOOL_CONVERSION = YES;
				CLANG_WARN_COMMA = YES;
				CLANG_WARN_CONSTANT_CONVERSION = YES;
				CLANG_WARN_DEPRECATED_OBJC_IMPLEMENTATIONS = YES;
				CLANG_WARN_DIRECT_OBJC_ISA_USAGE = YES_ERROR;
				CLANG_WARN_DOCUMENTATION_COMMENTS = YES;
				CLANG_WARN_EMPTY_BODY = YES;
				CLANG_WARN_ENUM_CONVERSION = YES;
				CLANG_WARN_INFINITE_RECURSION = YES;
				CLANG_WARN_INT_CONVERSION = YES;
				CLANG_WARN_NON_LITERAL_NULL_CONVERSION = YES;
				CLANG_WARN_OBJC_IMPLICIT_RETAIN_SELF = YES;
				CLANG_WARN_OBJC_LITERAL_CONVERSION = YES;
				CLANG_WARN_OBJC_ROOT_CLASS = YES_ERROR;
				CLANG_WARN_QUOTED_INCLUDE_IN_FRAMEWORK_HEADER = YES;
				CLANG_WARN_RANGE_LOOP_ANALYSIS = YES;
				CLANG_WARN_STRICT_PROTOTYPES = YES;
				CLANG_WARN_SUSPICIOUS_MOVE = YES;
				CLANG_WARN_UNGUARDED_AVAILABILITY = YES_AGGRESSIVE;
				CLANG_WARN_UNREACHABLE_CODE = YES;
				CLANG_WARN__DUPLICATE_METHOD_MATCH = YES;
				CODE_SIGN_STYLE = Automatic;
				COPY_PHASE_STRIP = NO;
				DEBUG_INFORMATION_FORMAT = "dwarf-with-dsym";
				DEVELOPMENT_TEAM = "";
				ENABLE_NS_ASSERTIONS = NO;
				ENABLE_STRICT_OBJC_MSGSEND = YES;
				GCC_C_LANGUAGE_STANDARD = gnu11;
				GCC_NO_COMMON_BLOCKS = YES;
				GCC_WARN_64_TO_32_BIT_CONVERSION = YES;
				GCC_WARN_ABOUT_RETURN_TYPE = YES_ERROR;
				GCC_WARN_UNDECLARED_SELECTOR = YES;
				GCC_WARN_UNINITIALIZED_AUTOS = YES_AGGRESSIVE;
				GCC_WARN_UNUSED_FUNCTION = YES;
				GCC_WARN_UNUSED_VARIABLE = YES;
				IPHONEOS_DEPLOYMENT_TARGET = 26.0;
				MTL_ENABLE_DEBUG_INFO = NO;
				MTL_FAST_MATH = YES;
				PRODUCT_NAME = "$(TARGET_NAME)";
				SDKROOT = iphoneos;
				SWIFT_APPROACHABLE_CONCURRENCY = YES;
				SWIFT_COMPILATION_MODE = wholemodule;
				SWIFT_DEFAULT_ACTOR_ISOLATION = MainActor;
				SWIFT_OPTIMIZATION_LEVEL = "-O";
				SWIFT_STRICT_CONCURRENCY = complete;
				SWIFT_VERSION = 6.0;
			};
			name = Release;
		};
		ACA1330AC72525E5ACC609C2 /* Debug */ = {
			isa = XCBuildConfiguration;
			buildSettings = {
				CODE_SIGN_ENTITLEMENTS = VoiceNotesShare/VoiceNotesShare.entitlements;
				DEVELOPMENT_TEAM = YMDHD6S886;
				GENERATE_INFOPLIST_FILE = NO;
				INFOPLIST_FILE = VoiceNotesShare/Info.plist;
				LD_RUNPATH_SEARCH_PATHS = (
					"$(inherited)",
					"@executable_path/Frameworks",
					"@executable_path/../../Frameworks",
				);
				PRODUCT_BUNDLE_IDENTIFIER = com.ntna.VoiceNotes.Share;
				SDKROOT = iphoneos;
				TARGETED_DEVICE_FAMILY = 1;
			};
			name = Debug;
		};
		CC179C1F2A359518028F6C14 /* Release */ = {
			isa = XCBuildConfiguration;
			buildSettings = {
				CODE_SIGN_ENTITLEMENTS = VoiceNotesShare/VoiceNotesShare.entitlements;
				DEVELOPMENT_TEAM = YMDHD6S886;
				GENERATE_INFOPLIST_FILE = NO;
				INFOPLIST_FILE = VoiceNotesShare/Info.plist;
				LD_RUNPATH_SEARCH_PATHS = (
					"$(inherited)",
					"@executable_path/Frameworks",
					"@executable_path/../../Frameworks",
				);
				PRODUCT_BUNDLE_IDENTIFIER = com.ntna.VoiceNotes.Share;
				SDKROOT = iphoneos;
				TARGETED_DEVICE_FAMILY = 1;
			};
			name = Release;
		};
		E62DE850B7C499D47E3C8D3B /* Release */ = {
			isa = XCBuildConfiguration;
			buildSettings = {
				ASSETCATALOG_COMPILER_APPICON_NAME = AppIcon;
				ASSETCATALOG_COMPILER_GLOBAL_ACCENT_COLOR_NAME = AccentColor;
				CODE_SIGN_ENTITLEMENTS = VoiceNotes/VoiceNotes.entitlements;
				CODE_SIGN_IDENTITY = "iPhone Developer";
				DEVELOPMENT_TEAM = YMDHD6S886;
				GENERATE_INFOPLIST_FILE = NO;
				INFOPLIST_FILE = VoiceNotes/Info.plist;
				LD_RUNPATH_SEARCH_PATHS = (
					"$(inherited)",
					"@executable_path/Frameworks",
				);
				PRODUCT_BUNDLE_IDENTIFIER = com.ntna.VoiceNotes;
				SDKROOT = iphoneos;
				TARGETED_DEVICE_FAMILY = 1;
			};
			name = Release;
		};
/* End XCBuildConfiguration section */

/* Begin XCConfigurationList section */
		0CAE26DE757890C97FB02FD4 /* Build configuration list for PBXProject "VoiceNotes" */ = {
			isa = XCConfigurationList;
			buildConfigurations = (
				0D76EC01BDBD72C2FD1B2DCB /* Debug */,
				58FD53925B7C390B02C203CE /* Release */,
			);
			defaultConfigurationIsVisible = 0;
			defaultConfigurationName = Debug;
		};
		E1228D241601EB953E85D343 /* Build configuration list for PBXNativeTarget "VoiceNotesShare" */ = {
			isa = XCConfigurationList;
			buildConfigurations = (
				ACA1330AC72525E5ACC609C2 /* Debug */,
				CC179C1F2A359518028F6C14 /* Release */,
			);
			defaultConfigurationIsVisible = 0;
			defaultConfigurationName = Debug;
		};
		FEF97856CDF699F28DEC1282 /* Build configuration list for PBXNativeTarget "VoiceNotes" */ = {
			isa = XCConfigurationList;
			buildConfigurations = (
				539BE25B52C05E4C95F10F7F /* Debug */,
				E62DE850B7C499D47E3C8D3B /* Release */,
			);
			defaultConfigurationIsVisible = 0;
			defaultConfigurationName = Debug;
		};
/* End XCConfigurationList section */

/* Begin XCLocalSwiftPackageReference section */
		C79491A1E21CAFF2EC5543C6 /* XCLocalSwiftPackageReference "../../EasyBLE" */ = {
			isa = XCLocalSwiftPackageReference;
			relativePath = ../../EasyBLE;
		};
/* End XCLocalSwiftPackageReference section */

/* Begin XCSwiftPackageProductDependency section */
		E406BDE345134F246D0016EB /* EasyBLE */ = {
			isa = XCSwiftPackageProductDependency;
			productName = EasyBLE;
		};
/* End XCSwiftPackageProductDependency section */
	};
	rootObject = C3A872EF6933B6E9BB7F614F /* Project object */;
}
